// !$*UTF8*$!
{
	archiveVersion = 1;
	classes = {
	};
	objectVersion = 77;
	objects = {

/* Begin PBXBuildFile section */
		07A3A7C7ED854906D93EEA29 /* SimulationController.swift in Sources */ = {isa = PBXBuildFile; fileRef = B956705392DD64C55D9C4E73 /* SimulationController.swift */; };
		0A79BCBE0AB429D356DC3476 /* TrainAlarmsView.swift in Sources */ = {isa = PBXBuildFile; fileRef = C5E821B918A4F22E6C198055 /* TrainAlarmsView.swift */; };
		12E135B1F50232A61800F732 /* TrackSegment.swift in Sources */ = {isa = PBXBuildFile; fileRef = 764004ED186761BDACF4E435 /* TrackSegment.swift */; };
		19C5E61582058EF1DF58A4A8 /* FontLoader.swift in Sources */ = {isa = PBXBuildFile; fileRef = CA0CA55A6A68E5AB7653EC80 /* FontLoader.swift */; };
		1FBFF86A8647A14031373C41 /* SystemTelemetry.swift in Sources */ = {isa = PBXBuildFile; fileRef = DB0FB08EAFB73A75CA178224 /* SystemTelemetry.swift */; };
		25511EA1780AC0F1F2CF9DA6 /* Train.swift in Sources */ = {isa = PBXBuildFile; fileRef = 43BC277F1CD8F15F1486B1D6 /* Train.swift */; };
		2675C6DA4F2FB2E121EB1A2A /* TrainSecurityView.swift in Sources */ = {isa = PBXBuildFile; fileRef = 5CBC2A1907DCBD9054AA1465 /* TrainSecurityView.swift */; };
		46577E4720D78E00E30B0FE1 /* Station.swift in Sources */ = {isa = PBXBuildFile; fileRef = 0D8D77EC1C7745BC04188788 /* Station.swift */; };
		50BF60056B8052C87E3C7277 /* TrainHistoryView.swift in Sources */ = {isa = PBXBuildFile; fileRef = 1C8D6877571566296C06884C /* TrainHistoryView.swift */; };
		5217C26B0331E85E401F569A /* ServiceProvisoire.swift in Sources */ = {isa = PBXBuildFile; fileRef = 0FDE73A7B132728E0B0D8274 /* ServiceProvisoire.swift */; };
		5465B7D26563B310C3CFBC53 /* TrainTelecommandsView.swift in Sources */ = {isa = PBXBuildFile; fileRef = 6FE40296B0E352518F77C717 /* TrainTelecommandsView.swift */; };
		56E0DBFB2FBE4511896F7216 /* AsservissementModule.swift in Sources */ = {isa = PBXBuildFile; fileRef = 6DCB3A4AEFD2900D62E3ABD8 /* AsservissementModule.swift */; };
		5939E7172D8EE5F0B62303E1 /* SynopticView.swift in Sources */ = {isa = PBXBuildFile; fileRef = 4591D560A93C2B768EC26B6A /* SynopticView.swift */; };
		627FBCE24492C698CA5B98E8 /* TrainOBCU.swift in Sources */ = {isa = PBXBuildFile; fileRef = E8DE14ACAD1A34BDC1B5D010 /* TrainOBCU.swift */; };
		6320201D9931FF4DA1DD3F7E /* CBTC_ClientApp.swift in Sources */ = {isa = PBXBuildFile; fileRef = F31477A6BA91DF361B5431C5 /* CBTC_ClientApp.swift */; };
		752857C1BDA32F3F6FFE9907 /* TrainTractionView.swift in Sources */ = {isa = PBXBuildFile; fileRef = 945D35F1AB1D69E2B5008C81 /* TrainTractionView.swift */; };
		76923B9276E86CA916C3D666 /* ManualControlView.swift in Sources */ = {isa = PBXBuildFile; fileRef = 0BC6E9D70ED36E2FC44FBBFB /* ManualControlView.swift */; };
		82A36E49B903EE318539B28D /* TrainDCAView.swift in Sources */ = {isa = PBXBuildFile; fileRef = ED5E0328833EDCE0888C5C27 /* TrainDCAView.swift */; };
		85B283ADF45E43940A2BA6B7 /* FailureControlView.swift in Sources */ = {isa = PBXBuildFile; fileRef = 0413E7FA71ABB47C60F2820F /* FailureControlView.swift */; };
		892973789267AE13D9917790 /* TrackSegment.swift in Sources */ = {isa = PBXBuildFile; fileRef = 764004ED186761BDACF4E435 /* TrackSegment.swift */; };
		8B25AEE31756F793DDFF722A /* TrainOperationsView.swift in Sources */ = {isa = PBXBuildFile; fileRef = 18267D9222BA64ABA2C6118F /* TrainOperationsView.swift */; };
		8C6E02418ACC20B2D92F95F4 /* TrainDetailView.swift in Sources */ = {isa = PBXBuildFile; fileRef = 0A579B2D7621D7BD71167472 /* TrainDetailView.swift */; };
		9832F9692BD32182386119E3 /* TrainSignalingView.swift in Sources */ = {isa = PBXBuildFile; fileRef = D285C64575D5F04E67695934 /* TrainSignalingView.swift */; };
		99B08B709D8B26DF3473F6F2 /* AppCommand.swift in Sources */ = {isa = PBXBuildFile; fileRef = 2ED87303DEF2D48777315EA5 /* AppCommand.swift */; };
		9AF67CD958E0BFF6D480C04C /* ServiceProvisoireView.swift in Sources */ = {isa = PBXBuildFile; fileRef = B595BC93600D3E7ADA4A907B /* ServiceProvisoireView.swift */; };
		9F7D01CBBBA3932F68B5CE74 /* CBTC_ServerApp.swift in Sources */ = {isa = PBXBuildFile; fileRef = 107D2353D4F148C0E8CEC9F2 /* CBTC_ServerApp.swift */; };
		A11289AA185DB2AFB7645FC2 /* TrainAuxiliaryView.swift in Sources */ = {isa = PBXBuildFile; fileRef = 75ABE173A87176A0F4669F4C /* TrainAuxiliaryView.swift */; };
		A535C624EF78CED7F1B4D278 /* Localizable.strings in Resources */ = {isa = PBXBuildFile; fileRef = FB0C2A35AC4684DB80BA45C4 /* Localizable.strings */; };
		A5916BA069E104B6B556636F /* DemoModeView.swift in Sources */ = {isa = PBXBuildFile; fileRef = A188C0E767E61E358D1250FE /* DemoModeView.swift */; };
		A97D36EA834BA2052A619B3E /* DemoModeManager.swift in Sources */ = {isa = PBXBuildFile; fileRef = 3BBC8C2D9799237861D82A12 /* DemoModeManager.swift */; };
		AA804643F19CB989F9008355 /* AppCommand.swift in Sources */ = {isa = PBXBuildFile; fileRef = 2ED87303DEF2D48777315EA5 /* AppCommand.swift */; };
		ACA425EF5F0AFC648E18D083 /* TrainDataService.swift in Sources */ = {isa = PBXBuildFile; fileRef = 1328F5A906AAB49F2A8679F3 /* TrainDataService.swift */; };
		B26F6DCD808F93703E580AA9 /* String+Localization.swift in Sources */ = {isa = PBXBuildFile; fileRef = 06B0016DC267A0647B6BF98F /* String+Localization.swift */; };
		B3C183225208222D837A54B9 /* TrainAsservissementView.swift in Sources */ = {isa = PBXBuildFile; fileRef = 31FE1A74A8E306A38D2E9882 /* TrainAsservissementView.swift */; };
		BBD33498175CD4EE122FDC02 /* ClockView.swift in Sources */ = {isa = PBXBuildFile; fileRef = ACDB42E680E48B1804B79DB9 /* ClockView.swift */; };
		BCF894245AF74B8CA903CCE7 /* NetworkView.swift in Sources */ = {isa = PBXBuildFile; fileRef = 35EE70CEADE1BE45778A93BA /* NetworkView.swift */; };
		C7C250A2EC2CFB35B41A1196 /* ServerNetworkService.swift in Sources */ = {isa = PBXBuildFile; fileRef = 89675D5A6BB62AE22A9BD7AC /* ServerNetworkService.swift */; };
		CB6648845C633DD8D3EFFD1C /* ClientNetworkService.swift in Sources */ = {isa = PBXBuildFile; fileRef = 48261B4FBBA96DADD5F549CC /* ClientNetworkService.swift */; };
		CF21AC34F84E5A094F9F0BB8 /* TrainBootScreenView.swift in Sources */ = {isa = PBXBuildFile; fileRef = 8D649085AB80FA858B230E77 /* TrainBootScreenView.swift */; };
		D43B98601A4ECAFDEEA0BCBA /* TrainMainDashboardView.swift in Sources */ = {isa = PBXBuildFile; fileRef = C6617DD59BCC47E70253DC63 /* TrainMainDashboardView.swift */; };
		D533F61994F2357850B08852 /* TrainDataService.swift in Sources */ = {isa = PBXBuildFile; fileRef = 1328F5A906AAB49F2A8679F3 /* TrainDataService.swift */; };
		D56E63169476DEE7DB8CD22D /* ContentView.swift in Sources */ = {isa = PBXBuildFile; fileRef = A3920F90C94AF49E9EC8FC6D /* ContentView.swift */; };
		D724BC15A86A9C08F5A53D8D /* ServiceProvisoire.swift in Sources */ = {isa = PBXBuildFile; fileRef = 0FDE73A7B132728E0B0D8274 /* ServiceProvisoire.swift */; };
		E02265F0EBFB8DF106447CDF /* Station.swift in Sources */ = {isa = PBXBuildFile; fileRef = 0D8D77EC1C7745BC04188788 /* Station.swift */; };
		E0E66392792638E24B07FEB2 /* Train.swift in Sources */ = {isa = PBXBuildFile; fileRef = 43BC277F1CD8F15F1486B1D6 /* Train.swift */; };
		E0E8AC2FE5209B702D7C2E93 /* SystemTelemetry.swift in Sources */ = {isa = PBXBuildFile; fileRef = DB0FB08EAFB73A75CA178224 /* SystemTelemetry.swift */; };
		E4DED5114889B745E510D6A8 /* PCCDashboardView.swift in Sources */ = {isa = PBXBuildFile; fileRef = 5D4934588B8A852C073592F3 /* PCCDashboardView.swift */; };
		EE041049D5092A6630A880E2 /* ServerDashboardView.swift in Sources */ = {isa = PBXBuildFile; fileRef = A455B701F911BB95086B7342 /* ServerDashboardView.swift */; };
		F768BB955011DB987E0B42BE /* VT323-Regular.ttf in Resources */ = {isa = PBXBuildFile; fileRef = 7BDCEF0ADE7705EB22F6EFFF /* VT323-Regular.ttf */; };
		FDA14565367397F1BEC2337A /* TrainPneumaticsView.swift in Sources */ = {isa = PBXBuildFile; fileRef = A140EEFD1830D5BBAC5B9932 /* TrainPneumaticsView.swift */; };
/* End PBXBuildFile section */

/* Begin PBXFileReference section */
		0413E7FA71ABB47C60F2820F /* FailureControlView.swift */ = {isa = PBXFileReference; lastKnownFileType = sourcecode.swift; path = FailureControlView.swift; sourceTree = "<group>"; };
		06B0016DC267A0647B6BF98F /* String+Localization.swift */ = {isa = PBXFileReference; lastKnownFileType = sourcecode.swift; path = "String+Localization.swift"; sourceTree = "<group>"; };
		0A579B2D7621D7BD71167472 /* TrainDetailView.swift */ = {isa = PBXFileReference; lastKnownFileType = sourcecode.swift; path = TrainDetailView.swift; sourceTree = "<group>"; };
		0BC6E9D70ED36E2FC44FBBFB /* ManualControlView.swift */ = {isa = PBXFileReference; lastKnownFileType = sourcecode.swift; path = ManualControlView.swift; sourceTree = "<group>"; };
		0D8D77EC1C7745BC04188788 /* Station.swift */ = {isa = PBXFileReference; lastKnownFileType = sourcecode.swift; path = Station.swift; sourceTree = "<group>"; };
		0FDE73A7B132728E0B0D8274 /* ServiceProvisoire.swift */ = {isa = PBXFileReference; lastKnownFileType = sourcecode.swift; path = ServiceProvisoire.swift; sourceTree = "<group>"; };
		107D2353D4F148C0E8CEC9F2 /* CBTC_ServerApp.swift */ = {isa = PBXFileReference; lastKnownFileType = sourcecode.swift; path = CBTC_ServerApp.swift; sourceTree = "<group>"; };
		1328F5A906AAB49F2A8679F3 /* TrainDataService.swift */ = {isa = PBXFileReference; lastKnownFileType = sourcecode.swift; path = TrainDataService.swift; sourceTree = "<group>"; };
		18267D9222BA64ABA2C6118F /* TrainOperationsView.swift */ = {isa = PBXFileReference; lastKnownFileType = sourcecode.swift; path = TrainOperationsView.swift; sourceTree = "<group>"; };
		1C8D6877571566296C06884C /* TrainHistoryView.swift */ = {isa = PBXFileReference; lastKnownFileType = sourcecode.swift; path = TrainHistoryView.swift; sourceTree = "<group>"; };
		2ED87303DEF2D48777315EA5 /* AppCommand.swift */ = {isa = PBXFileReference; lastKnownFileType = sourcecode.swift; path = AppCommand.swift; sourceTree = "<group>"; };
		31FE1A74A8E306A38D2E9882 /* TrainAsservissementView.swift */ = {isa = PBXFileReference; lastKnownFileType = sourcecode.swift; path = TrainAsservissementView.swift; sourceTree = "<group>"; };
		35EE70CEADE1BE45778A93BA /* NetworkView.swift */ = {isa = PBXFileReference; lastKnownFileType = sourcecode.swift; path = NetworkView.swift; sourceTree = "<group>"; };
		3BBC8C2D9799237861D82A12 /* DemoModeManager.swift */ = {isa = PBXFileReference; lastKnownFileType = sourcecode.swift; path = DemoModeManager.swift; sourceTree = "<group>"; };
		43BC277F1CD8F15F1486B1D6 /* Train.swift */ = {isa = PBXFileReference; lastKnownFileType = sourcecode.swift; path = Train.swift; sourceTree = "<group>"; };
		4591D560A93C2B768EC26B6A /* SynopticView.swift */ = {isa = PBXFileReference; lastKnownFileType = sourcecode.swift; path = SynopticView.swift; sourceTree = "<group>"; };
		48261B4FBBA96DADD5F549CC /* ClientNetworkService.swift */ = {isa = PBXFileReference; lastKnownFileType = sourcecode.swift; path = ClientNetworkService.swift; sourceTree = "<group>"; };
		5CBC2A1907DCBD9054AA1465 /* TrainSecurityView.swift */ = {isa = PBXFileReference; lastKnownFileType = sourcecode.swift; path = TrainSecurityView.swift; sourceTree = "<group>"; };
		5D4934588B8A852C073592F3 /* PCCDashboardView.swift */ = {isa = PBXFileReference; lastKnownFileType = sourcecode.swift; path = PCCDashboardView.swift; sourceTree = "<group>"; };
		6DCB3A4AEFD2900D62E3ABD8 /* AsservissementModule.swift */ = {isa = PBXFileReference; lastKnownFileType = sourcecode.swift; path = AsservissementModule.swift; sourceTree = "<group>"; };
		6FE40296B0E352518F77C717 /* TrainTelecommandsView.swift */ = {isa = PBXFileReference; lastKnownFileType = sourcecode.swift; path = TrainTelecommandsView.swift; sourceTree = "<group>"; };
		75ABE173A87176A0F4669F4C /* TrainAuxiliaryView.swift */ = {isa = PBXFileReference; lastKnownFileType = sourcecode.swift; path = TrainAuxiliaryView.swift; sourceTree = "<group>"; };
		764004ED186761BDACF4E435 /* TrackSegment.swift */ = {isa = PBXFileReference; lastKnownFileType = sourcecode.swift; path = TrackSegment.swift; sourceTree = "<group>"; };
		7BDCEF0ADE7705EB22F6EFFF /* VT323-Regular.ttf */ = {isa = PBXFileReference; lastKnownFileType = file; path = "VT323-Regular.ttf"; sourceTree = "<group>"; };
		89675D5A6BB62AE22A9BD7AC /* ServerNetworkService.swift */ = {isa = PBXFileReference; lastKnownFileType = sourcecode.swift; path = ServerNetworkService.swift; sourceTree = "<group>"; };
		8D649085AB80FA858B230E77 /* TrainBootScreenView.swift */ = {isa = PBXFileReference; lastKnownFileType = sourcecode.swift; path = TrainBootScreenView.swift; sourceTree = "<group>"; };
		945D35F1AB1D69E2B5008C81 /* TrainTractionView.swift */ = {isa = PBXFileReference; lastKnownFileType = sourcecode.swift; path = TrainTractionView.swift; sourceTree = "<group>"; };
		A140EEFD1830D5BBAC5B9932 /* TrainPneumaticsView.swift */ = {isa = PBXFileReference; lastKnownFileType = sourcecode.swift; path = TrainPneumaticsView.swift; sourceTree = "<group>"; };
		A188C0E767E61E358D1250FE /* DemoModeView.swift */ = {isa = PBXFileReference; lastKnownFileType = sourcecode.swift; path = DemoModeView.swift; sourceTree = "<group>"; };
		A3920F90C94AF49E9EC8FC6D /* ContentView.swift */ = {isa = PBXFileReference; lastKnownFileType = sourcecode.swift; path = ContentView.swift; sourceTree = "<group>"; };
		A455B701F911BB95086B7342 /* ServerDashboardView.swift */ = {isa = PBXFileReference; lastKnownFileType = sourcecode.swift; path = ServerDashboardView.swift; sourceTree = "<group>"; };
		A6C9A3395C8CB25F62F8E3CA /* CBTC_Client.app */ = {isa = PBXFileReference; explicitFileType = wrapper.application; includeInIndex = 0; path = CBTC_Client.app; sourceTree = BUILT_PRODUCTS_DIR; };
		ACDB42E680E48B1804B79DB9 /* ClockView.swift */ = {isa = PBXFileReference; lastKnownFileType = sourcecode.swift; path = ClockView.swift; sourceTree = "<group>"; };
		B595BC93600D3E7ADA4A907B /* ServiceProvisoireView.swift */ = {isa = PBXFileReference; lastKnownFileType = sourcecode.swift; path = ServiceProvisoireView.swift; sourceTree = "<group>"; };
		B956705392DD64C55D9C4E73 /* SimulationController.swift */ = {isa = PBXFileReference; lastKnownFileType = sourcecode.swift; path = SimulationController.swift; sourceTree = "<group>"; };
		BB017957BC18D29C5CBC2BF0 /* CBTC_Server.app */ = {isa = PBXFileReference; explicitFileType = wrapper.application; includeInIndex = 0; path = CBTC_Server.app; sourceTree = BUILT_PRODUCTS_DIR; };
		C5E821B918A4F22E6C198055 /* TrainAlarmsView.swift */ = {isa = PBXFileReference; lastKnownFileType = sourcecode.swift; path = TrainAlarmsView.swift; sourceTree = "<group>"; };
		C6617DD59BCC47E70253DC63 /* TrainMainDashboardView.swift */ = {isa = PBXFileReference; lastKnownFileType = sourcecode.swift; path = TrainMainDashboardView.swift; sourceTree = "<group>"; };
		CA0CA55A6A68E5AB7653EC80 /* FontLoader.swift */ = {isa = PBXFileReference; lastKnownFileType = sourcecode.swift; path = FontLoader.swift; sourceTree = "<group>"; };
		D285C64575D5F04E67695934 /* TrainSignalingView.swift */ = {isa = PBXFileReference; lastKnownFileType = sourcecode.swift; path = TrainSignalingView.swift; sourceTree = "<group>"; };
		DB0FB08EAFB73A75CA178224 /* SystemTelemetry.swift */ = {isa = PBXFileReference; lastKnownFileType = sourcecode.swift; path = SystemTelemetry.swift; sourceTree = "<group>"; };
		E8DE14ACAD1A34BDC1B5D010 /* TrainOBCU.swift */ = {isa = PBXFileReference; lastKnownFileType = sourcecode.swift; path = TrainOBCU.swift; sourceTree = "<group>"; };
		ED5E0328833EDCE0888C5C27 /* TrainDCAView.swift */ = {isa = PBXFileReference; lastKnownFileType = sourcecode.swift; path = TrainDCAView.swift; sourceTree = "<group>"; };
		EE7686FE0F53DDA6F4A71E0C /* fr */ = {isa = PBXFileReference; lastKnownFileType = text.plist.strings; name = fr; path = fr.lproj/Localizable.strings; sourceTree = "<group>"; };
		F31477A6BA91DF361B5431C5 /* CBTC_ClientApp.swift */ = {isa = PBXFileReference; lastKnownFileType = sourcecode.swift; path = CBTC_ClientApp.swift; sourceTree = "<group>"; };
/* End PBXFileReference section */

/* Begin PBXGroup section */
		14E6BFD34B61F800AB36B2D8 /* Services */ = {
			isa = PBXGroup;
			children = (
				48261B4FBBA96DADD5F549CC /* ClientNetworkService.swift */,
			);
			path = Services;
			sourceTree = "<group>";
		};
		1C26B85AFE5AC70D0DD9D304 /* Products */ = {
			isa = PBXGroup;
			children = (
				A6C9A3395C8CB25F62F8E3CA /* CBTC_Client.app */,
				BB017957BC18D29C5CBC2BF0 /* CBTC_Server.app */,
			);
			name = Products;
			sourceTree = "<group>";
		};
		320592DC83C37A5A879D0CE4 /* Server */ = {
			isa = PBXGroup;
			children = (
				107D2353D4F148C0E8CEC9F2 /* CBTC_ServerApp.swift */,
				BC9EA541A5DDD0F883787028 /* Actors */,
				6E0223D840215291AAB1DF2B /* Services */,
				D73765FE9083E8B551665BB4 /* ViewModels */,
				55A056A15EBBDA69A4E1957A /* Views */,
			);
			name = Server;
			path = Sources/Server;
			sourceTree = "<group>";
		};
		55A056A15EBBDA69A4E1957A /* Views */ = {
			isa = PBXGroup;
			children = (
				A455B701F911BB95086B7342 /* ServerDashboardView.swift */,
			);
			path = Views;
			sourceTree = "<group>";
		};
		62400CCE973AAE4D1C81BAD8 /* ViewModels */ = {
			isa = PBXGroup;
			children = (
				3BBC8C2D9799237861D82A12 /* DemoModeManager.swift */,
			);
			path = ViewModels;
			sourceTree = "<group>";
		};
		6E0223D840215291AAB1DF2B /* Services */ = {
			isa = PBXGroup;
			children = (
				89675D5A6BB62AE22A9BD7AC /* ServerNetworkService.swift */,
			);
			path = Services;
			sourceTree = "<group>";
		};
		756D56E60B31075EBBA9B63F /* Shared */ = {
			isa = PBXGroup;
			children = (
				2ED87303DEF2D48777315EA5 /* AppCommand.swift */,
				DB0FB08EAFB73A75CA178224 /* SystemTelemetry.swift */,
				8B5B58CDD5B8E78CAEF1194B /* Models */,
				FF76441F6591653D993D87D4 /* Services */,
			);
			name = Shared;
			path = Sources/Shared;
			sourceTree = "<group>";
		};
		8B5B58CDD5B8E78CAEF1194B /* Models */ = {
			isa = PBXGroup;
			children = (
				0FDE73A7B132728E0B0D8274 /* ServiceProvisoire.swift */,
				0D8D77EC1C7745BC04188788 /* Station.swift */,
				764004ED186761BDACF4E435 /* TrackSegment.swift */,
				43BC277F1CD8F15F1486B1D6 /* Train.swift */,
			);
			path = Models;
			sourceTree = "<group>";
		};
		95D535D8FAB88EE9D7D9E4A4 /* Resources */ = {
			isa = PBXGroup;
			children = (
				AB079D8DA5FA16E15548A9F7 /* Fonts */,
				FB0C2A35AC4684DB80BA45C4 /* Localizable.strings */,
			);
			path = Resources;
			sourceTree = "<group>";
		};
		95F31DF37738922176485A7B = {
			isa = PBXGroup;
			children = (
				B9EAFCACBFF64533B0F2A3DB /* Client */,
				320592DC83C37A5A879D0CE4 /* Server */,
				756D56E60B31075EBBA9B63F /* Shared */,
				1C26B85AFE5AC70D0DD9D304 /* Products */,
			);
			sourceTree = "<group>";
		};
		AB079D8DA5FA16E15548A9F7 /* Fonts */ = {
			isa = PBXGroup;
			children = (
				7BDCEF0ADE7705EB22F6EFFF /* VT323-Regular.ttf */,
			);
			path = Fonts;
			sourceTree = "<group>";
		};
		B9EAFCACBFF64533B0F2A3DB /* Client */ = {
			isa = PBXGroup;
			children = (
				F31477A6BA91DF361B5431C5 /* CBTC_ClientApp.swift */,
				BF233E9B4C0E14363D0CC7BE /* Extensions */,
				95D535D8FAB88EE9D7D9E4A4 /* Resources */,
				14E6BFD34B61F800AB36B2D8 /* Services */,
				F614D178F1A2AC4037AC3CF8 /* Utilities */,
				62400CCE973AAE4D1C81BAD8 /* ViewModels */,
				D00FF5048B218345B318C371 /* Views */,
			);
			name = Client;
			path = Sources/Client;
			sourceTree = "<group>";
		};
		BC9EA541A5DDD0F883787028 /* Actors */ = {
			isa = PBXGroup;
			children = (
				E8DE14ACAD1A34BDC1B5D010 /* TrainOBCU.swift */,
			);
			path = Actors;
			sourceTree = "<group>";
		};
		BF233E9B4C0E14363D0CC7BE /* Extensions */ = {
			isa = PBXGroup;
			children = (
				06B0016DC267A0647B6BF98F /* String+Localization.swift */,
			);
			path = Extensions;
			sourceTree = "<group>";
		};
		D00FF5048B218345B318C371 /* Views */ = {
			isa = PBXGroup;
			children = (
				ACDB42E680E48B1804B79DB9 /* ClockView.swift */,
				A3920F90C94AF49E9EC8FC6D /* ContentView.swift */,
				A188C0E767E61E358D1250FE /* DemoModeView.swift */,
				0413E7FA71ABB47C60F2820F /* FailureControlView.swift */,
				0BC6E9D70ED36E2FC44FBBFB /* ManualControlView.swift */,
				35EE70CEADE1BE45778A93BA /* NetworkView.swift */,
				5D4934588B8A852C073592F3 /* PCCDashboardView.swift */,
				B595BC93600D3E7ADA4A907B /* ServiceProvisoireView.swift */,
				4591D560A93C2B768EC26B6A /* SynopticView.swift */,
				C5E821B918A4F22E6C198055 /* TrainAlarmsView.swift */,
				31FE1A74A8E306A38D2E9882 /* TrainAsservissementView.swift */,
				75ABE173A87176A0F4669F4C /* TrainAuxiliaryView.swift */,
				8D649085AB80FA858B230E77 /* TrainBootScreenView.swift */,
				ED5E0328833EDCE0888C5C27 /* TrainDCAView.swift */,
				0A579B2D7621D7BD71167472 /* TrainDetailView.swift */,
				1C8D6877571566296C06884C /* TrainHistoryView.swift */,
				C6617DD59BCC47E70253DC63 /* TrainMainDashboardView.swift */,
				18267D9222BA64ABA2C6118F /* TrainOperationsView.swift */,
				A140EEFD1830D5BBAC5B9932 /* TrainPneumaticsView.swift */,
				5CBC2A1907DCBD9054AA1465 /* TrainSecurityView.swift */,
				D285C64575D5F04E67695934 /* TrainSignalingView.swift */,
				6FE40296B0E352518F77C717 /* TrainTelecommandsView.swift */,
				945D35F1AB1D69E2B5008C81 /* TrainTractionView.swift */,
			);
			path = Views;
			sourceTree = "<group>";
		};
		D73765FE9083E8B551665BB4 /* ViewModels */ = {
			isa = PBXGroup;
			children = (
				6DCB3A4AEFD2900D62E3ABD8 /* AsservissementModule.swift */,
				B956705392DD64C55D9C4E73 /* SimulationController.swift */,
			);
			path = ViewModels;
			sourceTree = "<group>";
		};
		F614D178F1A2AC4037AC3CF8 /* Utilities */ = {
			isa = PBXGroup;
			children = (
				CA0CA55A6A68E5AB7653EC80 /* FontLoader.swift */,
			);
			path = Utilities;
			sourceTree = "<group>";
		};
		FF76441F6591653D993D87D4 /* Services */ = {
			isa = PBXGroup;
			children = (
				1328F5A906AAB49F2A8679F3 /* TrainDataService.swift */,
			);
			path = Services;
			sourceTree = "<group>";
		};
/* End PBXGroup section */

/* Begin PBXNativeTarget section */
		64BA2E9E53761EFD114B285C /* CBTC_Server */ = {
			isa = PBXNativeTarget;
			buildConfigurationList = F9C4BD5E1AC22CC8EE7BB828 /* Build configuration list for PBXNativeTarget "CBTC_Server" */;
			buildPhases = (
				F9607FAD41C1C1632C40F1AB /* Sources */,
			);
			buildRules = (
			);
			dependencies = (
			);
			name = CBTC_Server;
			packageProductDependencies = (
			);
			productName = CBTC_Server;
			productReference = BB017957BC18D29C5CBC2BF0 /* CBTC_Server.app */;
			productType = "com.apple.product-type.application";
		};
		7E0BF68DF1F9F9322D6837B4 /* CBTC_Client */ = {
			isa = PBXNativeTarget;
			buildConfigurationList = 6BA462F1994DC323D56AC2A0 /* Build configuration list for PBXNativeTarget "CBTC_Client" */;
			buildPhases = (
				64815964C066D4957777A3A5 /* Sources */,
				78163410A715E6428B2C122F /* Resources */,
			);
			buildRules = (
			);
			dependencies = (
			);
			name = CBTC_Client;
			packageProductDependencies = (
			);
			productName = CBTC_Client;
			productReference = A6C9A3395C8CB25F62F8E3CA /* CBTC_Client.app */;
			productType = "com.apple.product-type.application";
		};
/* End PBXNativeTarget section */

/* Begin PBXProject section */
		F4BF3DADA94476465C218D22 /* Project object */ = {
			isa = PBXProject;
			attributes = {
				BuildIndependentTargetsInParallel = YES;
				LastUpgradeCheck = 1430;
				TargetAttributes = {
				};
			};
			buildConfigurationList = DEBB0D8402EF4AC7F1AF29A4 /* Build configuration list for PBXProject "CBTC_Metro_Simulator" */;
			developmentRegion = fr;
			hasScannedForEncodings = 0;
			knownRegions = (
				Base,
				fr,
			);
			mainGroup = 95F31DF37738922176485A7B;
			minimizedProjectReferenceProxies = 1;
			preferredProjectObjectVersion = 77;
			productRefGroup = 1C26B85AFE5AC70D0DD9D304 /* Products */;
			projectDirPath = "";
			projectRoot = "";
			targets = (
				7E0BF68DF1F9F9322D6837B4 /* CBTC_Client */,
				64BA2E9E53761EFD114B285C /* CBTC_Server */,
			);
		};
/* End PBXProject section */

/* Begin PBXResourcesBuildPhase section */
		78163410A715E6428B2C122F /* Resources */ = {
			isa = PBXResourcesBuildPhase;
			buildActionMask = 2147483647;
			files = (
				A535C624EF78CED7F1B4D278 /* Localizable.strings in Resources */,
				F768BB955011DB987E0B42BE /* VT323-Regular.ttf in Resources */,
			);
			runOnlyForDeploymentPostprocessing = 0;
		};
/* End PBXResourcesBuildPhase section */

/* Begin PBXSourcesBuildPhase section */
		64815964C066D4957777A3A5 /* Sources */ = {
			isa = PBXSourcesBuildPhase;
			buildActionMask = 2147483647;
			files = (
				99B08B709D8B26DF3473F6F2 /* AppCommand.swift in Sources */,
				6320201D9931FF4DA1DD3F7E /* CBTC_ClientApp.swift in Sources */,
				CB6648845C633DD8D3EFFD1C /* ClientNetworkService.swift in Sources */,
				BBD33498175CD4EE122FDC02 /* ClockView.swift in Sources */,
				D56E63169476DEE7DB8CD22D /* ContentView.swift in Sources */,
				A97D36EA834BA2052A619B3E /* DemoModeManager.swift in Sources */,
				A5916BA069E104B6B556636F /* DemoModeView.swift in Sources */,
				85B283ADF45E43940A2BA6B7 /* FailureControlView.swift in Sources */,
				19C5E61582058EF1DF58A4A8 /* FontLoader.swift in Sources */,
				76923B9276E86CA916C3D666 /* ManualControlView.swift in Sources */,
				BCF894245AF74B8CA903CCE7 /* NetworkView.swift in Sources */,
				E4DED5114889B745E510D6A8 /* PCCDashboardView.swift in Sources */,
				5217C26B0331E85E401F569A /* ServiceProvisoire.swift in Sources */,
				9AF67CD958E0BFF6D480C04C /* ServiceProvisoireView.swift in Sources */,
				E02265F0EBFB8DF106447CDF /* Station.swift in Sources */,
				B26F6DCD808F93703E580AA9 /* String+Localization.swift in Sources */,
				5939E7172D8EE5F0B62303E1 /* SynopticView.swift in Sources */,
				E0E8AC2FE5209B702D7C2E93 /* SystemTelemetry.swift in Sources */,
				12E135B1F50232A61800F732 /* TrackSegment.swift in Sources */,
				25511EA1780AC0F1F2CF9DA6 /* Train.swift in Sources */,
				0A79BCBE0AB429D356DC3476 /* TrainAlarmsView.swift in Sources */,
				B3C183225208222D837A54B9 /* TrainAsservissementView.swift in Sources */,
				A11289AA185DB2AFB7645FC2 /* TrainAuxiliaryView.swift in Sources */,
				CF21AC34F84E5A094F9F0BB8 /* TrainBootScreenView.swift in Sources */,
				82A36E49B903EE318539B28D /* TrainDCAView.swift in Sources */,
				ACA425EF5F0AFC648E18D083 /* TrainDataService.swift in Sources */,
				8C6E02418ACC20B2D92F95F4 /* TrainDetailView.swift in Sources */,
				50BF60056B8052C87E3C7277 /* TrainHistoryView.swift in Sources */,
				D43B98601A4ECAFDEEA0BCBA /* TrainMainDashboardView.swift in Sources */,
				8B25AEE31756F793DDFF722A /* TrainOperationsView.swift in Sources */,
				FDA14565367397F1BEC2337A /* TrainPneumaticsView.swift in Sources */,
				2675C6DA4F2FB2E121EB1A2A /* TrainSecurityView.swift in Sources */,
				9832F9692BD32182386119E3 /* TrainSignalingView.swift in Sources */,
				5465B7D26563B310C3CFBC53 /* TrainTelecommandsView.swift in Sources */,
				752857C1BDA32F3F6FFE9907 /* TrainTractionView.swift in Sources */,
			);
			runOnlyForDeploymentPostprocessing = 0;
		};
		F9607FAD41C1C1632C40F1AB /* Sources */ = {
			isa = PBXSourcesBuildPhase;
			buildActionMask = 2147483647;
			files = (
				AA804643F19CB989F9008355 /* AppCommand.swift in Sources */,
				56E0DBFB2FBE4511896F7216 /* AsservissementModule.swift in Sources */,
				9F7D01CBBBA3932F68B5CE74 /* CBTC_ServerApp.swift in Sources */,
				EE041049D5092A6630A880E2 /* ServerDashboardView.swift in Sources */,
				C7C250A2EC2CFB35B41A1196 /* ServerNetworkService.swift in Sources */,
				D724BC15A86A9C08F5A53D8D /* ServiceProvisoire.swift in Sources */,
				07A3A7C7ED854906D93EEA29 /* SimulationController.swift in Sources */,
				46577E4720D78E00E30B0FE1 /* Station.swift in Sources */,
				1FBFF86A8647A14031373C41 /* SystemTelemetry.swift in Sources */,
				892973789267AE13D9917790 /* TrackSegment.swift in Sources */,
				E0E66392792638E24B07FEB2 /* Train.swift in Sources */,
				D533F61994F2357850B08852 /* TrainDataService.swift in Sources */,
				627FBCE24492C698CA5B98E8 /* TrainOBCU.swift in Sources */,
			);
			runOnlyForDeploymentPostprocessing = 0;
		};
/* End PBXSourcesBuildPhase section */

/* Begin PBXVariantGroup section */
		FB0C2A35AC4684DB80BA45C4 /* Localizable.strings */ = {
			isa = PBXVariantGroup;
			children = (
				EE7686FE0F53DDA6F4A71E0C /* fr */,
			);
			name = Localizable.strings;
			sourceTree = "<group>";
		};
/* End PBXVariantGroup section */

/* Begin XCBuildConfiguration section */
		1C73AD72E74C94E4A8D62E88 /* Release */ = {
			isa = XCBuildConfiguration;
			buildSettings = {
				ASSETCATALOG_COMPILER_APPICON_NAME = AppIcon;
				COMBINE_HIDPI_IMAGES = YES;
				GENERATE_INFOPLIST_FILE = YES;
				LD_RUNPATH_SEARCH_PATHS = (
					"$(inherited)",
					"@executable_path/../Frameworks",
				);
				MACOSX_DEPLOYMENT_TARGET = 14.0;
				PRODUCT_BUNDLE_IDENTIFIER = "com.dcarmich.CBTC-Server";
				PRODUCT_NAME = CBTC_Server;
				SDKROOT = macosx;
				SUPPORTED_PLATFORMS = macosx;
			};
			name = Release;
		};
		26BDDF833B4101C52392D10E /* Release */ = {
			isa = XCBuildConfiguration;
			buildSettings = {
				ASSETCATALOG_COMPILER_APPICON_NAME = AppIcon;
				COMBINE_HIDPI_IMAGES = YES;
				GENERATE_INFOPLIST_FILE = YES;
				LD_RUNPATH_SEARCH_PATHS = (
					"$(inherited)",
					"@executable_path/../Frameworks",
				);
				MACOSX_DEPLOYMENT_TARGET = 14.0;
				PRODUCT_BUNDLE_IDENTIFIER = "com.dcarmich.CBTC-Client";
				PRODUCT_NAME = CBTC_Client;
				SDKROOT = macosx;
				SUPPORTED_PLATFORMS = macosx;
			};
			name = Release;
		};
		84B0AE7ABF1DF9922E3822E0 /* Debug */ = {
			isa = XCBuildConfiguration;
			buildSettings = {
				ALWAYS_SEARCH_USER_PATHS = NO;
				CLANG_ANALYZER_NONNULL = YES;
				CLANG_ANALYZER_NUMBER_OBJECT_CONVERSION = YES_AGGRESSIVE;
				CLANG_CXX_LANGUAGE_STANDARD = "gnu++14";
				CLANG_CXX_LIBRARY = "libc++";
				CLANG_ENABLE_MODULES = YES;
				CLANG_ENABLE_OBJC_ARC = YES;
				CLANG_ENABLE_OBJC_WEAK = YES;
				CLANG_WARN_BLOCK_CAPTURE_AUTORELEASING = YES;
				CLANG_WARN_BOOL_CONVERSION = YES;
				CLANG_WARN_COMMA = YES;
				CLANG_WARN_CONSTANT_CONVERSION = YES;
				CLANG_WARN_DEPRECATED_OBJC_IMPLEMENTATIONS = YES;
				CLANG_WARN_DIRECT_OBJC_ISA_USAGE = YES_ERROR;
				CLANG_WARN_DOCUMENTATION_COMMENTS = YES;
				CLANG_WARN_EMPTY_BODY = YES;
				CLANG_WARN_ENUM_CONVERSION = YES;
				CLANG_WARN_INFINITE_RECURSION = YES;
				CLANG_WARN_INT_CONVERSION = YES;
				CLANG_WARN_NON_LITERAL_NULL_CONVERSION = YES;
				CLANG_WARN_OBJC_IMPLICIT_RETAIN_SELF = YES;
				CLANG_WARN_OBJC_LITERAL_CONVERSION = YES;
				CLANG_WARN_OBJC_ROOT_CLASS = YES_ERROR;
				CLANG_WARN_QUOTED_INCLUDE_IN_FRAMEWORK_HEADER = YES;
				CLANG_WARN_RANGE_LOOP_ANALYSIS = YES;
				CLANG_WARN_STRICT_PROTOTYPES = YES;
				CLANG_WARN_SUSPICIOUS_MOVE = YES;
				CLANG_WARN_UNGUARDED_AVAILABILITY = YES_AGGRESSIVE;
				CLANG_WARN_UNREACHABLE_CODE = YES;
				CLANG_WARN__DUPLICATE_METHOD_MATCH = YES;
				COPY_PHASE_STRIP = NO;
				DEBUG_INFORMATION_FORMAT = dwarf;
				ENABLE_STRICT_OBJC_MSGSEND = YES;
				ENABLE_TESTABILITY = YES;
				GCC_C_LANGUAGE_STANDARD = gnu11;
				GCC_DYNAMIC_NO_PIC = NO;
				GCC_NO_COMMON_BLOCKS = YES;
				GCC_OPTIMIZATION_LEVEL = 0;
				GCC_PREPROCESSOR_DEFINITIONS = (
					"$(inherited)",
					"DEBUG=1",
				);
				GCC_WARN_64_TO_32_BIT_CONVERSION = YES;
				GCC_WARN_ABOUT_RETURN_TYPE = YES_ERROR;
				GCC_WARN_UNDECLARED_SELECTOR = YES;
				GCC_WARN_UNINITIALIZED_AUTOS = YES_AGGRESSIVE;
				GCC_WARN_UNUSED_FUNCTION = YES;
				GCC_WARN_UNUSED_VARIABLE = YES;
				MTL_ENABLE_DEBUG_INFO = INCLUDE_SOURCE;
				MTL_FAST_MATH = YES;
				ONLY_ACTIVE_ARCH = YES;
				PRODUCT_NAME = "$(TARGET_NAME)";
				SDKROOT = macosx;
				SWIFT_ACTIVE_COMPILATION_CONDITIONS = DEBUG;
				SWIFT_OPTIMIZATION_LEVEL = "-Onone";
				SWIFT_VERSION = 5.0;
			};
			name = Debug;
		};
		B93F975CF8A0361CDDF6E985 /* Release */ = {
			isa = XCBuildConfiguration;
			buildSettings = {
				ALWAYS_SEARCH_USER_PATHS = NO;
				CLANG_ANALYZER_NONNULL = YES;
				CLANG_ANALYZER_NUMBER_OBJECT_CONVERSION = YES_AGGRESSIVE;
				CLANG_CXX_LANGUAGE_STANDARD = "gnu++14";
				CLANG_CXX_LIBRARY = "libc++";
				CLANG_ENABLE_MODULES = YES;
				CLANG_ENABLE_OBJC_ARC = YES;
				CLANG_ENABLE_OBJC_WEAK = YES;
				CLANG_WARN_BLOCK_CAPTURE_AUTORELEASING = YES;
				CLANG_WARN_BOOL_CONVERSION = YES;
				CLANG_WARN_COMMA = YES;
				CLANG_WARN_CONSTANT_CONVERSION = YES;
				CLANG_WARN_DEPRECATED_OBJC_IMPLEMENTATIONS = YES;
				CLANG_WARN_DIRECT_OBJC_ISA_USAGE = YES_ERROR;
				CLANG_WARN_DOCUMENTATION_COMMENTS = YES;
				CLANG_WARN_EMPTY_BODY = YES;
				CLANG_WARN_ENUM_CONVERSION = YES;
				CLANG_WARN_INFINITE_RECURSION = YES;
				CLANG_WARN_INT_CONVERSION = YES;
				CLANG_WARN_NON_LITERAL_NULL_CONVERSION = YES;
				CLANG_WARN_OBJC_IMPLICIT_RETAIN_SELF = YES;
				CLANG_WARN_OBJC_LITERAL_CONVERSION = YES;
				CLANG_WARN_OBJC_ROOT_CLASS = YES_ERROR;
				CLANG_WARN_QUOTED_INCLUDE_IN_FRAMEWORK_HEADER = YES;
				CLANG_WARN_RANGE_LOOP_ANALYSIS = YES;
				CLANG_WARN_STRICT_PROTOTYPES = YES;
				CLANG_WARN_SUSPICIOUS_MOVE = YES;
				CLANG_WARN_UNGUARDED_AVAILABILITY = YES_AGGRESSIVE;
				CLANG_WARN_UNREACHABLE_CODE = YES;
				CLANG_WARN__DUPLICATE_METHOD_MATCH = YES;
				COPY_PHASE_STRIP = NO;
				DEBUG_INFORMATION_FORMAT = "dwarf-with-dsym";
				ENABLE_NS_ASSERTIONS = NO;
				ENABLE_STRICT_OBJC_MSGSEND = YES;
				GCC_C_LANGUAGE_STANDARD = gnu11;
				GCC_NO_COMMON_BLOCKS = YES;
				GCC_WARN_64_TO_32_BIT_CONVERSION = YES;
				GCC_WARN_ABOUT_RETURN_TYPE = YES_ERROR;
				GCC_WARN_UNDECLARED_SELECTOR = YES;
				GCC_WARN_UNINITIALIZED_AUTOS = YES_AGGRESSIVE;
				GCC_WARN_UNUSED_FUNCTION = YES;
				GCC_WARN_UNUSED_VARIABLE = YES;
				MTL_ENABLE_DEBUG_INFO = NO;
				MTL_FAST_MATH = YES;
				PRODUCT_NAME = "$(TARGET_NAME)";
				SDKROOT = macosx;
				SWIFT_COMPILATION_MODE = wholemodule;
				SWIFT_OPTIMIZATION_LEVEL = "-O";
				SWIFT_VERSION = 5.0;
			};
			name = Release;
		};
		F215B93E5FEE5000C0C98BF6 /* Debug */ = {
			isa = XCBuildConfiguration;
			buildSettings = {
				ASSETCATALOG_COMPILER_APPICON_NAME = AppIcon;
				COMBINE_HIDPI_IMAGES = YES;
				GENERATE_INFOPLIST_FILE = YES;
				LD_RUNPATH_SEARCH_PATHS = (
					"$(inherited)",
					"@executable_path/../Frameworks",
				);
				MACOSX_DEPLOYMENT_TARGET = 14.0;
				PRODUCT_BUNDLE_IDENTIFIER = "com.dcarmich.CBTC-Server";
				PRODUCT_NAME = CBTC_Server;
				SDKROOT = macosx;
				SUPPORTED_PLATFORMS = macosx;
			};
			name = Debug;
		};
		F2258804F6A047F77CAB39A2 /* Debug */ = {
			isa = XCBuildConfiguration;
			buildSettings = {
				ASSETCATALOG_COMPILER_APPICON_NAME = AppIcon;
				COMBINE_HIDPI_IMAGES = YES;
				GENERATE_INFOPLIST_FILE = YES;
				LD_RUNPATH_SEARCH_PATHS = (
					"$(inherited)",
					"@executable_path/../Frameworks",
				);
				MACOSX_DEPLOYMENT_TARGET = 14.0;
				PRODUCT_BUNDLE_IDENTIFIER = "com.dcarmich.CBTC-Client";
				PRODUCT_NAME = CBTC_Client;
				SDKROOT = macosx;
				SUPPORTED_PLATFORMS = macosx;
			};
			name = Debug;
		};
/* End XCBuildConfiguration section */

/* Begin XCConfigurationList section */
		6BA462F1994DC323D56AC2A0 /* Build configuration list for PBXNativeTarget "CBTC_Client" */ = {
			isa = XCConfigurationList;
			buildConfigurations = (
				F2258804F6A047F77CAB39A2 /* Debug */,
				26BDDF833B4101C52392D10E /* Release */,
			);
			defaultConfigurationIsVisible = 0;
			defaultConfigurationName = Debug;
		};
		DEBB0D8402EF4AC7F1AF29A4 /* Build configuration list for PBXProject "CBTC_Metro_Simulator" */ = {
			isa = XCConfigurationList;
			buildConfigurations = (
				84B0AE7ABF1DF9922E3822E0 /* Debug */,
				B93F975CF8A0361CDDF6E985 /* Release */,
			);
			defaultConfigurationIsVisible = 0;
			defaultConfigurationName = Debug;
		};
		F9C4BD5E1AC22CC8EE7BB828 /* Build configuration list for PBXNativeTarget "CBTC_Server" */ = {
			isa = XCConfigurationList;
			buildConfigurations = (
				F215B93E5FEE5000C0C98BF6 /* Debug */,
				1C73AD72E74C94E4A8D62E88 /* Release */,
			);
			defaultConfigurationIsVisible = 0;
			defaultConfigurationName = Debug;
		};
/* End XCConfigurationList section */
	};
	rootObject = F4BF3DADA94476465C218D22 /* Project object */;
}
